
Microsoft Visual Studio Solution File, Format Version 12.00
# Visual Studio 14
VisualStudioVersion = 14.0.25420.1
MinimumVisualStudioVersion = 10.0.40219.1
Project("{FAE04EC0-301F-11D3-BF4B-00C04F79EFBC}") = "HDK.SDK", "HDK.SDK\HDK.SDK.csproj", "{1AAEC8F3-E077-4965-B901-9FBD55AACE0B}"
EndProject
Project("{FAE04EC0-301F-11D3-BF4B-00C04F79EFBC}") = "HDK.SDK.Test", "HDK.SDK.Test\HDK.SDK.Test\HDK.SDK.Test.csproj", "{0FA7B0BE-F0FE-49CD-A7E2-323239816E10}"
EndProject
Project("{FAE04EC0-301F-11D3-BF4B-00C04F79EFBC}") = "HDK.SDK.Test.Droid", "HDK.SDK.Test\HDK.SDK.Test.Droid\HDK.SDK.Test.Droid.csproj", "{35B003E7-1F77-4605-B5A0-68A4171F1E9E}"
EndProject
Project("{FAE04EC0-301F-11D3-BF4B-00C04F79EFBC}") = "HDK.SDK.Test.iOS", "HDK.SDK.Test\HDK.SDK.Test.iOS\HDK.SDK.Test.iOS.csproj", "{8201EDC7-0D2E-4DAA-A227-02B238B25CDB}"
EndProject
Project("{FAE04EC0-301F-11D3-BF4B-00C04F79EFBC}") = "HDK.SDK.Test.Windows", "HDK.SDK.Test\HDK.SDK.Test.Windows\HDK.SDK.Test.Windows.csproj", "{0971F215-71AC-4BEB-8E1C-467D28CC6BB9}"
EndProject
Project("{FAE04EC0-301F-11D3-BF4B-00C04F79EFBC}") = "HDK.Models", "..\..\HDK_COMMON\HDK.Models\HDK.Models.csproj", "{9F638482-C4C6-499A-8DCD-71B9239FC294}"
EndProject
Global
	GlobalSection(SolutionConfigurationPlatforms) = preSolution
		Ad-Hoc|Any CPU = Ad-Hoc|Any CPU
		Ad-Hoc|ARM = Ad-Hoc|ARM
		Ad-Hoc|iPhone = Ad-Hoc|iPhone
		Ad-Hoc|iPhoneSimulator = Ad-Hoc|iPhoneSimulator
		Ad-Hoc|x64 = Ad-Hoc|x64
		Ad-Hoc|x86 = Ad-Hoc|x86
		AppStore|Any CPU = AppStore|Any CPU
		AppStore|ARM = AppStore|ARM
		AppStore|iPhone = AppStore|iPhone
		AppStore|iPhoneSimulator = AppStore|iPhoneSimulator
		AppStore|x64 = AppStore|x64
		AppStore|x86 = AppStore|x86
		Debug|Any CPU = Debug|Any CPU
		Debug|ARM = Debug|ARM
		Debug|iPhone = Debug|iPhone
		Debug|iPhoneSimulator = Debug|iPhoneSimulator
		Debug|x64 = Debug|x64
		Debug|x86 = Debug|x86
		Release|Any CPU = Release|Any CPU
		Release|ARM = Release|ARM
		Release|iPhone = Release|iPhone
		Release|iPhoneSimulator = Release|iPhoneSimulator
		Release|x64 = Release|x64
		Release|x86 = Release|x86
	EndGlobalSection
	GlobalSection(ProjectConfigurationPlatforms) = postSolution
		{1AAEC8F3-E077-4965-B901-9FBD55AACE0B}.Ad-Hoc|Any CPU.ActiveCfg = Release|Any CPU
		{1AAEC8F3-E077-4965-B901-9FBD55AACE0B}.Ad-Hoc|Any CPU.Build.0 = Release|Any CPU
		{1AAEC8F3-E077-4965-B901-9FBD55AACE0B}.Ad-Hoc|ARM.ActiveCfg = Release|Any CPU
		{1AAEC8F3-E077-4965-B901-9FBD55AACE0B}.Ad-Hoc|ARM.Build.0 = Release|Any CPU
		{1AAEC8F3-E077-4965-B901-9FBD55AACE0B}.Ad-Hoc|iPhone.ActiveCfg = Release|Any CPU
		{1AAEC8F3-E077-4965-B901-9FBD55AACE0B}.Ad-Hoc|iPhone.Build.0 = Release|Any CPU
		{1AAEC8F3-E077-4965-B901-9FBD55AACE0B}.Ad-Hoc|iPhoneSimulator.ActiveCfg = Release|Any CPU
		{1AAEC8F3-E077-4965-B901-9FBD55AACE0B}.Ad-Hoc|iPhoneSimulator.Build.0 = Release|Any CPU
		{1AAEC8F3-E077-4965-B901-9FBD55AACE0B}.Ad-Hoc|x64.ActiveCfg = Release|Any CPU
		{1AAEC8F3-E077-4965-B901-9FBD55AACE0B}.Ad-Hoc|x64.Build.0 = Release|Any CPU
		{1AAEC8F3-E077-4965-B901-9FBD55AACE0B}.Ad-Hoc|x86.ActiveCfg = Release|Any CPU
		{1AAEC8F3-E077-4965-B901-9FBD55AACE0B}.Ad-Hoc|x86.Build.0 = Release|Any CPU
		{1AAEC8F3-E077-4965-B901-9FBD55AACE0B}.AppStore|Any CPU.ActiveCfg = Release|Any CPU
		{1AAEC8F3-E077-4965-B901-9FBD55AACE0B}.AppStore|Any CPU.Build.0 = Release|Any CPU
		{1AAEC8F3-E077-4965-B901-9FBD55AACE0B}.AppStore|ARM.ActiveCfg = Release|Any CPU
		{1AAEC8F3-E077-4965-B901-9FBD55AACE0B}.AppStore|ARM.Build.0 = Release|Any CPU
		{1AAEC8F3-E077-4965-B901-9FBD55AACE0B}.AppStore|iPhone.ActiveCfg = Release|Any CPU
		{1AAEC8F3-E077-4965-B901-9FBD55AACE0B}.AppStore|iPhone.Build.0 = Release|Any CPU
		{1AAEC8F3-E077-4965-B901-9FBD55AACE0B}.AppStore|iPhoneSimulator.ActiveCfg = Release|Any CPU
		{1AAEC8F3-E077-4965-B901-9FBD55AACE0B}.AppStore|iPhoneSimulator.Build.0 = Release|Any CPU
		{1AAEC8F3-E077-4965-B901-9FBD55AACE0B}.AppStore|x64.ActiveCfg = Release|Any CPU
		{1AAEC8F3-E077-4965-B901-9FBD55AACE0B}.AppStore|x64.Build.0 = Release|Any CPU
		{1AAEC8F3-E077-4965-B901-9FBD55AACE0B}.AppStore|x86.ActiveCfg = Release|Any CPU
		{1AAEC8F3-E077-4965-B901-9FBD55AACE0B}.AppStore|x86.Build.0 = Release|Any CPU
		{1AAEC8F3-E077-4965-B901-9FBD55AACE0B}.Debug|Any CPU.ActiveCfg = Debug|Any CPU
		{1AAEC8F3-E077-4965-B901-9FBD55AACE0B}.Debug|Any CPU.Build.0 = Debug|Any CPU
		{1AAEC8F3-E077-4965-B901-9FBD55AACE0B}.Debug|ARM.ActiveCfg = Debug|Any CPU
		{1AAEC8F3-E077-4965-B901-9FBD55AACE0B}.Debug|ARM.Build.0 = Debug|Any CPU
		{1AAEC8F3-E077-4965-B901-9FBD55AACE0B}.Debug|iPhone.ActiveCfg = Debug|Any CPU
		{1AAEC8F3-E077-4965-B901-9FBD55AACE0B}.Debug|iPhone.Build.0 = Debug|Any CPU
		{1AAEC8F3-E077-4965-B901-9FBD55AACE0B}.Debug|iPhoneSimulator.ActiveCfg = Debug|Any CPU
		{1AAEC8F3-E077-4965-B901-9FBD55AACE0B}.Debug|iPhoneSimulator.Build.0 = Debug|Any CPU
		{1AAEC8F3-E077-4965-B901-9FBD55AACE0B}.Debug|x64.ActiveCfg = Debug|Any CPU
		{1AAEC8F3-E077-4965-B901-9FBD55AACE0B}.Debug|x64.Build.0 = Debug|Any CPU
		{1AAEC8F3-E077-4965-B901-9FBD55AACE0B}.Debug|x86.ActiveCfg = Debug|Any CPU
		{1AAEC8F3-E077-4965-B901-9FBD55AACE0B}.Debug|x86.Build.0 = Debug|Any CPU
		{1AAEC8F3-E077-4965-B901-9FBD55AACE0B}.Release|Any CPU.ActiveCfg = Release|Any CPU
		{1AAEC8F3-E077-4965-B901-9FBD55AACE0B}.Release|Any CPU.Build.0 = Release|Any CPU
		{1AAEC8F3-E077-4965-B901-9FBD55AACE0B}.Release|ARM.ActiveCfg = Release|Any CPU
		{1AAEC8F3-E077-4965-B901-9FBD55AACE0B}.Release|ARM.Build.0 = Release|Any CPU
		{1AAEC8F3-E077-4965-B901-9FBD55AACE0B}.Release|iPhone.ActiveCfg = Release|Any CPU
		{1AAEC8F3-E077-4965-B901-9FBD55AACE0B}.Release|iPhone.Build.0 = Release|Any CPU
		{1AAEC8F3-E077-4965-B901-9FBD55AACE0B}.Release|iPhoneSimulator.ActiveCfg = Release|Any CPU
		{1AAEC8F3-E077-4965-B901-9FBD55AACE0B}.Release|iPhoneSimulator.Build.0 = Release|Any CPU
		{1AAEC8F3-E077-4965-B901-9FBD55AACE0B}.Release|x64.ActiveCfg = Release|Any CPU
		{1AAEC8F3-E077-4965-B901-9FBD55AACE0B}.Release|x64.Build.0 = Release|Any CPU
		{1AAEC8F3-E077-4965-B901-9FBD55AACE0B}.Release|x86.ActiveCfg = Release|Any CPU
		{1AAEC8F3-E077-4965-B901-9FBD55AACE0B}.Release|x86.Build.0 = Release|Any CPU
		{0FA7B0BE-F0FE-49CD-A7E2-323239816E10}.Ad-Hoc|Any CPU.ActiveCfg = Release|Any CPU
		{0FA7B0BE-F0FE-49CD-A7E2-323239816E10}.Ad-Hoc|Any CPU.Build.0 = Release|Any CPU
		{0FA7B0BE-F0FE-49CD-A7E2-323239816E10}.Ad-Hoc|ARM.ActiveCfg = Release|Any CPU
		{0FA7B0BE-F0FE-49CD-A7E2-323239816E10}.Ad-Hoc|ARM.Build.0 = Release|Any CPU
		{0FA7B0BE-F0FE-49CD-A7E2-323239816E10}.Ad-Hoc|iPhone.ActiveCfg = Release|Any CPU
		{0FA7B0BE-F0FE-49CD-A7E2-323239816E10}.Ad-Hoc|iPhone.Build.0 = Release|Any CPU
		{0FA7B0BE-F0FE-49CD-A7E2-323239816E10}.Ad-Hoc|iPhoneSimulator.ActiveCfg = Release|Any CPU
		{0FA7B0BE-F0FE-49CD-A7E2-323239816E10}.Ad-Hoc|iPhoneSimulator.Build.0 = Release|Any CPU
		{0FA7B0BE-F0FE-49CD-A7E2-323239816E10}.Ad-Hoc|x64.ActiveCfg = Release|Any CPU
		{0FA7B0BE-F0FE-49CD-A7E2-323239816E10}.Ad-Hoc|x64.Build.0 = Release|Any CPU
		{0FA7B0BE-F0FE-49CD-A7E2-323239816E10}.Ad-Hoc|x86.ActiveCfg = Release|Any CPU
		{0FA7B0BE-F0FE-49CD-A7E2-323239816E10}.Ad-Hoc|x86.Build.0 = Release|Any CPU
		{0FA7B0BE-F0FE-49CD-A7E2-323239816E10}.AppStore|Any CPU.ActiveCfg = Release|Any CPU
		{0FA7B0BE-F0FE-49CD-A7E2-323239816E10}.AppStore|Any CPU.Build.0 = Release|Any CPU
		{0FA7B0BE-F0FE-49CD-A7E2-323239816E10}.AppStore|ARM.ActiveCfg = Release|Any CPU
		{0FA7B0BE-F0FE-49CD-A7E2-323239816E10}.AppStore|ARM.Build.0 = Release|Any CPU
		{0FA7B0BE-F0FE-49CD-A7E2-323239816E10}.AppStore|iPhone.ActiveCfg = Release|Any CPU
		{0FA7B0BE-F0FE-49CD-A7E2-323239816E10}.AppStore|iPhone.Build.0 = Release|Any CPU
		{0FA7B0BE-F0FE-49CD-A7E2-323239816E10}.AppStore|iPhoneSimulator.ActiveCfg = Release|Any CPU
		{0FA7B0BE-F0FE-49CD-A7E2-323239816E10}.AppStore|iPhoneSimulator.Build.0 = Release|Any CPU
		{0FA7B0BE-F0FE-49CD-A7E2-323239816E10}.AppStore|x64.ActiveCfg = Release|Any CPU
		{0FA7B0BE-F0FE-49CD-A7E2-323239816E10}.AppStore|x64.Build.0 = Release|Any CPU
		{0FA7B0BE-F0FE-49CD-A7E2-323239816E10}.AppStore|x86.ActiveCfg = Release|Any CPU
		{0FA7B0BE-F0FE-49CD-A7E2-323239816E10}.AppStore|x86.Build.0 = Release|Any CPU
		{0FA7B0BE-F0FE-49CD-A7E2-323239816E10}.Debug|Any CPU.ActiveCfg = Debug|Any CPU
		{0FA7B0BE-F0FE-49CD-A7E2-323239816E10}.Debug|Any CPU.Build.0 = Debug|Any CPU
		{0FA7B0BE-F0FE-49CD-A7E2-323239816E10}.Debug|ARM.ActiveCfg = Debug|Any CPU
		{0FA7B0BE-F0FE-49CD-A7E2-323239816E10}.Debug|ARM.Build.0 = Debug|Any CPU
		{0FA7B0BE-F0FE-49CD-A7E2-323239816E10}.Debug|iPhone.ActiveCfg = Debug|Any CPU
		{0FA7B0BE-F0FE-49CD-A7E2-323239816E10}.Debug|iPhone.Build.0 = Debug|Any CPU
		{0FA7B0BE-F0FE-49CD-A7E2-323239816E10}.Debug|iPhoneSimulator.ActiveCfg = Debug|Any CPU
		{0FA7B0BE-F0FE-49CD-A7E2-323239816E10}.Debug|iPhoneSimulator.Build.0 = Debug|Any CPU
		{0FA7B0BE-F0FE-49CD-A7E2-323239816E10}.Debug|x64.ActiveCfg = Debug|Any CPU
		{0FA7B0BE-F0FE-49CD-A7E2-323239816E10}.Debug|x64.Build.0 = Debug|Any CPU
		{0FA7B0BE-F0FE-49CD-A7E2-323239816E10}.Debug|x86.ActiveCfg = Debug|Any CPU
		{0FA7B0BE-F0FE-49CD-A7E2-323239816E10}.Debug|x86.Build.0 = Debug|Any CPU
		{0FA7B0BE-F0FE-49CD-A7E2-323239816E10}.Release|Any CPU.ActiveCfg = Release|Any CPU
		{0FA7B0BE-F0FE-49CD-A7E2-323239816E10}.Release|Any CPU.Build.0 = Release|Any CPU
		{0FA7B0BE-F0FE-49CD-A7E2-323239816E10}.Release|ARM.ActiveCfg = Release|Any CPU
		{0FA7B0BE-F0FE-49CD-A7E2-323239816E10}.Release|ARM.Build.0 = Release|Any CPU
		{0FA7B0BE-F0FE-49CD-A7E2-323239816E10}.Release|iPhone.ActiveCfg = Release|Any CPU
		{0FA7B0BE-F0FE-49CD-A7E2-323239816E10}.Release|iPhone.Build.0 = Release|Any CPU
		{0FA7B0BE-F0FE-49CD-A7E2-323239816E10}.Release|iPhoneSimulator.ActiveCfg = Release|Any CPU
		{0FA7B0BE-F0FE-49CD-A7E2-323239816E10}.Release|iPhoneSimulator.Build.0 = Release|Any CPU
		{0FA7B0BE-F0FE-49CD-A7E2-323239816E10}.Release|x64.ActiveCfg = Release|Any CPU
		{0FA7B0BE-F0FE-49CD-A7E2-323239816E10}.Release|x64.Build.0 = Release|Any CPU
		{0FA7B0BE-F0FE-49CD-A7E2-323239816E10}.Release|x86.ActiveCfg = Release|Any CPU
		{0FA7B0BE-F0FE-49CD-A7E2-323239816E10}.Release|x86.Build.0 = Release|Any CPU
		{35B003E7-1F77-4605-B5A0-68A4171F1E9E}.Ad-Hoc|Any CPU.ActiveCfg = Release|Any CPU
		{35B003E7-1F77-4605-B5A0-68A4171F1E9E}.Ad-Hoc|Any CPU.Build.0 = Release|Any CPU
		{35B003E7-1F77-4605-B5A0-68A4171F1E9E}.Ad-Hoc|Any CPU.Deploy.0 = Release|Any CPU
		{35B003E7-1F77-4605-B5A0-68A4171F1E9E}.Ad-Hoc|ARM.ActiveCfg = Release|Any CPU
		{35B003E7-1F77-4605-B5A0-68A4171F1E9E}.Ad-Hoc|ARM.Build.0 = Release|Any CPU
		{35B003E7-1F77-4605-B5A0-68A4171F1E9E}.Ad-Hoc|ARM.Deploy.0 = Release|Any CPU
		{35B003E7-1F77-4605-B5A0-68A4171F1E9E}.Ad-Hoc|iPhone.ActiveCfg = Release|Any CPU
		{35B003E7-1F77-4605-B5A0-68A4171F1E9E}.Ad-Hoc|iPhone.Build.0 = Release|Any CPU
		{35B003E7-1F77-4605-B5A0-68A4171F1E9E}.Ad-Hoc|iPhone.Deploy.0 = Release|Any CPU
		{35B003E7-1F77-4605-B5A0-68A4171F1E9E}.Ad-Hoc|iPhoneSimulator.ActiveCfg = Release|Any CPU
		{35B003E7-1F77-4605-B5A0-68A4171F1E9E}.Ad-Hoc|iPhoneSimulator.Build.0 = Release|Any CPU
		{35B003E7-1F77-4605-B5A0-68A4171F1E9E}.Ad-Hoc|iPhoneSimulator.Deploy.0 = Release|Any CPU
		{35B003E7-1F77-4605-B5A0-68A4171F1E9E}.Ad-Hoc|x64.ActiveCfg = Release|Any CPU
		{35B003E7-1F77-4605-B5A0-68A4171F1E9E}.Ad-Hoc|x64.Build.0 = Release|Any CPU
		{35B003E7-1F77-4605-B5A0-68A4171F1E9E}.Ad-Hoc|x64.Deploy.0 = Release|Any CPU
		{35B003E7-1F77-4605-B5A0-68A4171F1E9E}.Ad-Hoc|x86.ActiveCfg = Release|Any CPU
		{35B003E7-1F77-4605-B5A0-68A4171F1E9E}.Ad-Hoc|x86.Build.0 = Release|Any CPU
		{35B003E7-1F77-4605-B5A0-68A4171F1E9E}.Ad-Hoc|x86.Deploy.0 = Release|Any CPU
		{35B003E7-1F77-4605-B5A0-68A4171F1E9E}.AppStore|Any CPU.ActiveCfg = Release|Any CPU
		{35B003E7-1F77-4605-B5A0-68A4171F1E9E}.AppStore|Any CPU.Build.0 = Release|Any CPU
		{35B003E7-1F77-4605-B5A0-68A4171F1E9E}.AppStore|Any CPU.Deploy.0 = Release|Any CPU
		{35B003E7-1F77-4605-B5A0-68A4171F1E9E}.AppStore|ARM.ActiveCfg = Release|Any CPU
		{35B003E7-1F77-4605-B5A0-68A4171F1E9E}.AppStore|ARM.Build.0 = Release|Any CPU
		{35B003E7-1F77-4605-B5A0-68A4171F1E9E}.AppStore|ARM.Deploy.0 = Release|Any CPU
		{35B003E7-1F77-4605-B5A0-68A4171F1E9E}.AppStore|iPhone.ActiveCfg = Release|Any CPU
		{35B003E7-1F77-4605-B5A0-68A4171F1E9E}.AppStore|iPhone.Build.0 = Release|Any CPU
		{35B003E7-1F77-4605-B5A0-68A4171F1E9E}.AppStore|iPhone.Deploy.0 = Release|Any CPU
		{35B003E7-1F77-4605-B5A0-68A4171F1E9E}.AppStore|iPhoneSimulator.ActiveCfg = Release|Any CPU
		{35B003E7-1F77-4605-B5A0-68A4171F1E9E}.AppStore|iPhoneSimulator.Build.0 = Release|Any CPU
		{35B003E7-1F77-4605-B5A0-68A4171F1E9E}.AppStore|iPhoneSimulator.Deploy.0 = Release|Any CPU
		{35B003E7-1F77-4605-B5A0-68A4171F1E9E}.AppStore|x64.ActiveCfg = Release|Any CPU
		{35B003E7-1F77-4605-B5A0-68A4171F1E9E}.AppStore|x64.Build.0 = Release|Any CPU
		{35B003E7-1F77-4605-B5A0-68A4171F1E9E}.AppStore|x64.Deploy.0 = Release|Any CPU
		{35B003E7-1F77-4605-B5A0-68A4171F1E9E}.AppStore|x86.ActiveCfg = Release|Any CPU
		{35B003E7-1F77-4605-B5A0-68A4171F1E9E}.AppStore|x86.Build.0 = Release|Any CPU
		{35B003E7-1F77-4605-B5A0-68A4171F1E9E}.AppStore|x86.Deploy.0 = Release|Any CPU
		{35B003E7-1F77-4605-B5A0-68A4171F1E9E}.Debug|Any CPU.ActiveCfg = Debug|Any CPU
		{35B003E7-1F77-4605-B5A0-68A4171F1E9E}.Debug|Any CPU.Build.0 = Debug|Any CPU
		{35B003E7-1F77-4605-B5A0-68A4171F1E9E}.Debug|Any CPU.Deploy.0 = Debug|Any CPU
		{35B003E7-1F77-4605-B5A0-68A4171F1E9E}.Debug|ARM.ActiveCfg = Debug|Any CPU
		{35B003E7-1F77-4605-B5A0-68A4171F1E9E}.Debug|ARM.Build.0 = Debug|Any CPU
		{35B003E7-1F77-4605-B5A0-68A4171F1E9E}.Debug|ARM.Deploy.0 = Debug|Any CPU
		{35B003E7-1F77-4605-B5A0-68A4171F1E9E}.Debug|iPhone.ActiveCfg = Debug|Any CPU
		{35B003E7-1F77-4605-B5A0-68A4171F1E9E}.Debug|iPhone.Build.0 = Debug|Any CPU
		{35B003E7-1F77-4605-B5A0-68A4171F1E9E}.Debug|iPhone.Deploy.0 = Debug|Any CPU
		{35B003E7-1F77-4605-B5A0-68A4171F1E9E}.Debug|iPhoneSimulator.ActiveCfg = Debug|Any CPU
		{35B003E7-1F77-4605-B5A0-68A4171F1E9E}.Debug|iPhoneSimulator.Build.0 = Debug|Any CPU
		{35B003E7-1F77-4605-B5A0-68A4171F1E9E}.Debug|iPhoneSimulator.Deploy.0 = Debug|Any CPU
		{35B003E7-1F77-4605-B5A0-68A4171F1E9E}.Debug|x64.ActiveCfg = Debug|Any CPU
		{35B003E7-1F77-4605-B5A0-68A4171F1E9E}.Debug|x64.Build.0 = Debug|Any CPU
		{35B003E7-1F77-4605-B5A0-68A4171F1E9E}.Debug|x64.Deploy.0 = Debug|Any CPU
		{35B003E7-1F77-4605-B5A0-68A4171F1E9E}.Debug|x86.ActiveCfg = Debug|Any CPU
		{35B003E7-1F77-4605-B5A0-68A4171F1E9E}.Debug|x86.Build.0 = Debug|Any CPU
		{35B003E7-1F77-4605-B5A0-68A4171F1E9E}.Debug|x86.Deploy.0 = Debug|Any CPU
		{35B003E7-1F77-4605-B5A0-68A4171F1E9E}.Release|Any CPU.ActiveCfg = Release|Any CPU
		{35B003E7-1F77-4605-B5A0-68A4171F1E9E}.Release|Any CPU.Build.0 = Release|Any CPU
		{35B003E7-1F77-4605-B5A0-68A4171F1E9E}.Release|Any CPU.Deploy.0 = Release|Any CPU
		{35B003E7-1F77-4605-B5A0-68A4171F1E9E}.Release|ARM.ActiveCfg = Release|Any CPU
		{35B003E7-1F77-4605-B5A0-68A4171F1E9E}.Release|ARM.Build.0 = Release|Any CPU
		{35B003E7-1F77-4605-B5A0-68A4171F1E9E}.Release|ARM.Deploy.0 = Release|Any CPU
		{35B003E7-1F77-4605-B5A0-68A4171F1E9E}.Release|iPhone.ActiveCfg = Release|Any CPU
		{35B003E7-1F77-4605-B5A0-68A4171F1E9E}.Release|iPhone.Build.0 = Release|Any CPU
		{35B003E7-1F77-4605-B5A0-68A4171F1E9E}.Release|iPhone.Deploy.0 = Release|Any CPU
		{35B003E7-1F77-4605-B5A0-68A4171F1E9E}.Release|iPhoneSimulator.ActiveCfg = Release|Any CPU
		{35B003E7-1F77-4605-B5A0-68A4171F1E9E}.Release|iPhoneSimulator.Build.0 = Release|Any CPU
		{35B003E7-1F77-4605-B5A0-68A4171F1E9E}.Release|iPhoneSimulator.Deploy.0 = Release|Any CPU
		{35B003E7-1F77-4605-B5A0-68A4171F1E9E}.Release|x64.ActiveCfg = Release|Any CPU
		{35B003E7-1F77-4605-B5A0-68A4171F1E9E}.Release|x64.Build.0 = Release|Any CPU
		{35B003E7-1F77-4605-B5A0-68A4171F1E9E}.Release|x64.Deploy.0 = Release|Any CPU
		{35B003E7-1F77-4605-B5A0-68A4171F1E9E}.Release|x86.ActiveCfg = Release|Any CPU
		{35B003E7-1F77-4605-B5A0-68A4171F1E9E}.Release|x86.Build.0 = Release|Any CPU
		{35B003E7-1F77-4605-B5A0-68A4171F1E9E}.Release|x86.Deploy.0 = Release|Any CPU
		{8201EDC7-0D2E-4DAA-A227-02B238B25CDB}.Ad-Hoc|Any CPU.ActiveCfg = Ad-Hoc|iPhone
		{8201EDC7-0D2E-4DAA-A227-02B238B25CDB}.Ad-Hoc|ARM.ActiveCfg = Ad-Hoc|iPhone
		{8201EDC7-0D2E-4DAA-A227-02B238B25CDB}.Ad-Hoc|iPhone.ActiveCfg = Ad-Hoc|iPhone
		{8201EDC7-0D2E-4DAA-A227-02B238B25CDB}.Ad-Hoc|iPhone.Build.0 = Ad-Hoc|iPhone
		{8201EDC7-0D2E-4DAA-A227-02B238B25CDB}.Ad-Hoc|iPhoneSimulator.ActiveCfg = Ad-Hoc|iPhoneSimulator
		{8201EDC7-0D2E-4DAA-A227-02B238B25CDB}.Ad-Hoc|iPhoneSimulator.Build.0 = Ad-Hoc|iPhoneSimulator
		{8201EDC7-0D2E-4DAA-A227-02B238B25CDB}.Ad-Hoc|x64.ActiveCfg = Ad-Hoc|iPhone
		{8201EDC7-0D2E-4DAA-A227-02B238B25CDB}.Ad-Hoc|x86.ActiveCfg = Ad-Hoc|iPhone
		{8201EDC7-0D2E-4DAA-A227-02B238B25CDB}.AppStore|Any CPU.ActiveCfg = AppStore|iPhone
		{8201EDC7-0D2E-4DAA-A227-02B238B25CDB}.AppStore|ARM.ActiveCfg = AppStore|iPhone
		{8201EDC7-0D2E-4DAA-A227-02B238B25CDB}.AppStore|iPhone.ActiveCfg = AppStore|iPhone
		{8201EDC7-0D2E-4DAA-A227-02B238B25CDB}.AppStore|iPhone.Build.0 = AppStore|iPhone
		{8201EDC7-0D2E-4DAA-A227-02B238B25CDB}.AppStore|iPhoneSimulator.ActiveCfg = AppStore|iPhoneSimulator
		{8201EDC7-0D2E-4DAA-A227-02B238B25CDB}.AppStore|iPhoneSimulator.Build.0 = AppStore|iPhoneSimulator
		{8201EDC7-0D2E-4DAA-A227-02B238B25CDB}.AppStore|x64.ActiveCfg = AppStore|iPhone
		{8201EDC7-0D2E-4DAA-A227-02B238B25CDB}.AppStore|x86.ActiveCfg = AppStore|iPhone
		{8201EDC7-0D2E-4DAA-A227-02B238B25CDB}.Debug|Any CPU.ActiveCfg = Debug|iPhone
		{8201EDC7-0D2E-4DAA-A227-02B238B25CDB}.Debug|ARM.ActiveCfg = Debug|iPhone
		{8201EDC7-0D2E-4DAA-A227-02B238B25CDB}.Debug|iPhone.ActiveCfg = Debug|iPhone
		{8201EDC7-0D2E-4DAA-A227-02B238B25CDB}.Debug|iPhone.Build.0 = Debug|iPhone
		{8201EDC7-0D2E-4DAA-A227-02B238B25CDB}.Debug|iPhoneSimulator.ActiveCfg = Debug|iPhoneSimulator
		{8201EDC7-0D2E-4DAA-A227-02B238B25CDB}.Debug|iPhoneSimulator.Build.0 = Debug|iPhoneSimulator
		{8201EDC7-0D2E-4DAA-A227-02B238B25CDB}.Debug|x64.ActiveCfg = Debug|iPhone
		{8201EDC7-0D2E-4DAA-A227-02B238B25CDB}.Debug|x86.ActiveCfg = Debug|iPhone
		{8201EDC7-0D2E-4DAA-A227-02B238B25CDB}.Release|Any CPU.ActiveCfg = Release|iPhone
		{8201EDC7-0D2E-4DAA-A227-02B238B25CDB}.Release|ARM.ActiveCfg = Release|iPhone
		{8201EDC7-0D2E-4DAA-A227-02B238B25CDB}.Release|iPhone.ActiveCfg = Release|iPhone
		{8201EDC7-0D2E-4DAA-A227-02B238B25CDB}.Release|iPhone.Build.0 = Release|iPhone
		{8201EDC7-0D2E-4DAA-A227-02B238B25CDB}.Release|iPhoneSimulator.ActiveCfg = Release|iPhoneSimulator
		{8201EDC7-0D2E-4DAA-A227-02B238B25CDB}.Release|iPhoneSimulator.Build.0 = Release|iPhoneSimulator
		{8201EDC7-0D2E-4DAA-A227-02B238B25CDB}.Release|x64.ActiveCfg = Release|iPhone
		{8201EDC7-0D2E-4DAA-A227-02B238B25CDB}.Release|x86.ActiveCfg = Release|iPhone
		{0971F215-71AC-4BEB-8E1C-467D28CC6BB9}.Ad-Hoc|Any CPU.ActiveCfg = Release|Any CPU
		{0971F215-71AC-4BEB-8E1C-467D28CC6BB9}.Ad-Hoc|Any CPU.Build.0 = Release|Any CPU
		{0971F215-71AC-4BEB-8E1C-467D28CC6BB9}.Ad-Hoc|Any CPU.Deploy.0 = Release|Any CPU
		{0971F215-71AC-4BEB-8E1C-467D28CC6BB9}.Ad-Hoc|ARM.ActiveCfg = Release|ARM
		{0971F215-71AC-4BEB-8E1C-467D28CC6BB9}.Ad-Hoc|ARM.Build.0 = Release|ARM
		{0971F215-71AC-4BEB-8E1C-467D28CC6BB9}.Ad-Hoc|ARM.Deploy.0 = Release|ARM
		{0971F215-71AC-4BEB-8E1C-467D28CC6BB9}.Ad-Hoc|iPhone.ActiveCfg = Release|Any CPU
		{0971F215-71AC-4BEB-8E1C-467D28CC6BB9}.Ad-Hoc|iPhone.Build.0 = Release|Any CPU
		{0971F215-71AC-4BEB-8E1C-467D28CC6BB9}.Ad-Hoc|iPhone.Deploy.0 = Release|Any CPU
		{0971F215-71AC-4BEB-8E1C-467D28CC6BB9}.Ad-Hoc|iPhoneSimulator.ActiveCfg = Release|Any CPU
		{0971F215-71AC-4BEB-8E1C-467D28CC6BB9}.Ad-Hoc|iPhoneSimulator.Build.0 = Release|Any CPU
		{0971F215-71AC-4BEB-8E1C-467D28CC6BB9}.Ad-Hoc|iPhoneSimulator.Deploy.0 = Release|Any CPU
		{0971F215-71AC-4BEB-8E1C-467D28CC6BB9}.Ad-Hoc|x64.ActiveCfg = Release|x64
		{0971F215-71AC-4BEB-8E1C-467D28CC6BB9}.Ad-Hoc|x64.Build.0 = Release|x64
		{0971F215-71AC-4BEB-8E1C-467D28CC6BB9}.Ad-Hoc|x64.Deploy.0 = Release|x64
		{0971F215-71AC-4BEB-8E1C-467D28CC6BB9}.Ad-Hoc|x86.ActiveCfg = Release|x86
		{0971F215-71AC-4BEB-8E1C-467D28CC6BB9}.Ad-Hoc|x86.Build.0 = Release|x86
		{0971F215-71AC-4BEB-8E1C-467D28CC6BB9}.Ad-Hoc|x86.Deploy.0 = Release|x86
		{0971F215-71AC-4BEB-8E1C-467D28CC6BB9}.AppStore|Any CPU.ActiveCfg = Release|Any CPU
		{0971F215-71AC-4BEB-8E1C-467D28CC6BB9}.AppStore|Any CPU.Build.0 = Release|Any CPU
		{0971F215-71AC-4BEB-8E1C-467D28CC6BB9}.AppStore|Any CPU.Deploy.0 = Release|Any CPU
		{0971F215-71AC-4BEB-8E1C-467D28CC6BB9}.AppStore|ARM.ActiveCfg = Release|ARM
		{0971F215-71AC-4BEB-8E1C-467D28CC6BB9}.AppStore|ARM.Build.0 = Release|ARM
		{0971F215-71AC-4BEB-8E1C-467D28CC6BB9}.AppStore|ARM.Deploy.0 = Release|ARM
		{0971F215-71AC-4BEB-8E1C-467D28CC6BB9}.AppStore|iPhone.ActiveCfg = Release|Any CPU
		{0971F215-71AC-4BEB-8E1C-467D28CC6BB9}.AppStore|iPhone.Build.0 = Release|Any CPU
		{0971F215-71AC-4BEB-8E1C-467D28CC6BB9}.AppStore|iPhone.Deploy.0 = Release|Any CPU
		{0971F215-71AC-4BEB-8E1C-467D28CC6BB9}.AppStore|iPhoneSimulator.ActiveCfg = Release|Any CPU
		{0971F215-71AC-4BEB-8E1C-467D28CC6BB9}.AppStore|iPhoneSimulator.Build.0 = Release|Any CPU
		{0971F215-71AC-4BEB-8E1C-467D28CC6BB9}.AppStore|iPhoneSimulator.Deploy.0 = Release|Any CPU
		{0971F215-71AC-4BEB-8E1C-467D28CC6BB9}.AppStore|x64.ActiveCfg = Release|x64
		{0971F215-71AC-4BEB-8E1C-467D28CC6BB9}.AppStore|x64.Build.0 = Release|x64
		{0971F215-71AC-4BEB-8E1C-467D28CC6BB9}.AppStore|x64.Deploy.0 = Release|x64
		{0971F215-71AC-4BEB-8E1C-467D28CC6BB9}.AppStore|x86.ActiveCfg = Release|x86
		{0971F215-71AC-4BEB-8E1C-467D28CC6BB9}.AppStore|x86.Build.0 = Release|x86
		{0971F215-71AC-4BEB-8E1C-467D28CC6BB9}.AppStore|x86.Deploy.0 = Release|x86
		{0971F215-71AC-4BEB-8E1C-467D28CC6BB9}.Debug|Any CPU.ActiveCfg = Debug|Any CPU
		{0971F215-71AC-4BEB-8E1C-467D28CC6BB9}.Debug|Any CPU.Build.0 = Debug|Any CPU
		{0971F215-71AC-4BEB-8E1C-467D28CC6BB9}.Debug|Any CPU.Deploy.0 = Debug|Any CPU
		{0971F215-71AC-4BEB-8E1C-467D28CC6BB9}.Debug|ARM.ActiveCfg = Debug|ARM
		{0971F215-71AC-4BEB-8E1C-467D28CC6BB9}.Debug|ARM.Build.0 = Debug|ARM
		{0971F215-71AC-4BEB-8E1C-467D28CC6BB9}.Debug|ARM.Deploy.0 = Debug|ARM
		{0971F215-71AC-4BEB-8E1C-467D28CC6BB9}.Debug|iPhone.ActiveCfg = Debug|Any CPU
		{0971F215-71AC-4BEB-8E1C-467D28CC6BB9}.Debug|iPhone.Build.0 = Debug|Any CPU
		{0971F215-71AC-4BEB-8E1C-467D28CC6BB9}.Debug|iPhone.Deploy.0 = Debug|Any CPU
		{0971F215-71AC-4BEB-8E1C-467D28CC6BB9}.Debug|iPhoneSimulator.ActiveCfg = Debug|Any CPU
		{0971F215-71AC-4BEB-8E1C-467D28CC6BB9}.Debug|iPhoneSimulator.Build.0 = Debug|Any CPU
		{0971F215-71AC-4BEB-8E1C-467D28CC6BB9}.Debug|iPhoneSimulator.Deploy.0 = Debug|Any CPU
		{0971F215-71AC-4BEB-8E1C-467D28CC6BB9}.Debug|x64.ActiveCfg = Debug|x64
		{0971F215-71AC-4BEB-8E1C-467D28CC6BB9}.Debug|x64.Build.0 = Debug|x64
		{0971F215-71AC-4BEB-8E1C-467D28CC6BB9}.Debug|x64.Deploy.0 = Debug|x64
		{0971F215-71AC-4BEB-8E1C-467D28CC6BB9}.Debug|x86.ActiveCfg = Debug|x86
		{0971F215-71AC-4BEB-8E1C-467D28CC6BB9}.Debug|x86.Build.0 = Debug|x86
		{0971F215-71AC-4BEB-8E1C-467D28CC6BB9}.Debug|x86.Deploy.0 = Debug|x86
		{0971F215-71AC-4BEB-8E1C-467D28CC6BB9}.Release|Any CPU.ActiveCfg = Release|Any CPU
		{0971F215-71AC-4BEB-8E1C-467D28CC6BB9}.Release|Any CPU.Build.0 = Release|Any CPU
		{0971F215-71AC-4BEB-8E1C-467D28CC6BB9}.Release|Any CPU.Deploy.0 = Release|Any CPU
		{0971F215-71AC-4BEB-8E1C-467D28CC6BB9}.Release|ARM.ActiveCfg = Release|ARM
		{0971F215-71AC-4BEB-8E1C-467D28CC6BB9}.Release|ARM.Build.0 = Release|ARM
		{0971F215-71AC-4BEB-8E1C-467D28CC6BB9}.Release|ARM.Deploy.0 = Release|ARM
		{0971F215-71AC-4BEB-8E1C-467D28CC6BB9}.Release|iPhone.ActiveCfg = Release|Any CPU
		{0971F215-71AC-4BEB-8E1C-467D28CC6BB9}.Release|iPhone.Build.0 = Release|Any CPU
		{0971F215-71AC-4BEB-8E1C-467D28CC6BB9}.Release|iPhone.Deploy.0 = Release|Any CPU
		{0971F215-71AC-4BEB-8E1C-467D28CC6BB9}.Release|iPhoneSimulator.ActiveCfg = Release|Any CPU
		{0971F215-71AC-4BEB-8E1C-467D28CC6BB9}.Release|iPhoneSimulator.Build.0 = Release|Any CPU
		{0971F215-71AC-4BEB-8E1C-467D28CC6BB9}.Release|iPhoneSimulator.Deploy.0 = Release|Any CPU
		{0971F215-71AC-4BEB-8E1C-467D28CC6BB9}.Release|x64.ActiveCfg = Release|x64
		{0971F215-71AC-4BEB-8E1C-467D28CC6BB9}.Release|x64.Build.0 = Release|x64
		{0971F215-71AC-4BEB-8E1C-467D28CC6BB9}.Release|x64.Deploy.0 = Release|x64
		{0971F215-71AC-4BEB-8E1C-467D28CC6BB9}.Release|x86.ActiveCfg = Release|x86
		{0971F215-71AC-4BEB-8E1C-467D28CC6BB9}.Release|x86.Build.0 = Release|x86
		{0971F215-71AC-4BEB-8E1C-467D28CC6BB9}.Release|x86.Deploy.0 = Release|x86
		{9F638482-C4C6-499A-8DCD-71B9239FC294}.Ad-Hoc|Any CPU.ActiveCfg = Release|Any CPU
		{9F638482-C4C6-499A-8DCD-71B9239FC294}.Ad-Hoc|Any CPU.Build.0 = Release|Any CPU
		{9F638482-C4C6-499A-8DCD-71B9239FC294}.Ad-Hoc|ARM.ActiveCfg = Release|Any CPU
		{9F638482-C4C6-499A-8DCD-71B9239FC294}.Ad-Hoc|ARM.Build.0 = Release|Any CPU
		{9F638482-C4C6-499A-8DCD-71B9239FC294}.Ad-Hoc|iPhone.ActiveCfg = Release|Any CPU
		{9F638482-C4C6-499A-8DCD-71B9239FC294}.Ad-Hoc|iPhone.Build.0 = Release|Any CPU
		{9F638482-C4C6-499A-8DCD-71B9239FC294}.Ad-Hoc|iPhoneSimulator.ActiveCfg = Release|Any CPU
		{9F638482-C4C6-499A-8DCD-71B9239FC294}.Ad-Hoc|iPhoneSimulator.Build.0 = Release|Any CPU
		{9F638482-C4C6-499A-8DCD-71B9239FC294}.Ad-Hoc|x64.ActiveCfg = Release|Any CPU
		{9F638482-C4C6-499A-8DCD-71B9239FC294}.Ad-Hoc|x64.Build.0 = Release|Any CPU
		{9F638482-C4C6-499A-8DCD-71B9239FC294}.Ad-Hoc|x86.ActiveCfg = Release|Any CPU
		{9F638482-C4C6-499A-8DCD-71B9239FC294}.Ad-Hoc|x86.Build.0 = Release|Any CPU
		{9F638482-C4C6-499A-8DCD-71B9239FC294}.AppStore|Any CPU.ActiveCfg = Release|Any CPU
		{9F638482-C4C6-499A-8DCD-71B9239FC294}.AppStore|Any CPU.Build.0 = Release|Any CPU
		{9F638482-C4C6-499A-8DCD-71B9239FC294}.AppStore|ARM.ActiveCfg = Release|Any CPU
		{9F638482-C4C6-499A-8DCD-71B9239FC294}.AppStore|ARM.Build.0 = Release|Any CPU
		{9F638482-C4C6-499A-8DCD-71B9239FC294}.AppStore|iPhone.ActiveCfg = Release|Any CPU
		{9F638482-C4C6-499A-8DCD-71B9239FC294}.AppStore|iPhone.Build.0 = Release|Any CPU
		{9F638482-C4C6-499A-8DCD-71B9239FC294}.AppStore|iPhoneSimulator.ActiveCfg = Release|Any CPU
		{9F638482-C4C6-499A-8DCD-71B9239FC294}.AppStore|iPhoneSimulator.Build.0 = Release|Any CPU
		{9F638482-C4C6-499A-8DCD-71B9239FC294}.AppStore|x64.ActiveCfg = Release|Any CPU
		{9F638482-C4C6-499A-8DCD-71B9239FC294}.AppStore|x64.Build.0 = Release|Any CPU
		{9F638482-C4C6-499A-8DCD-71B9239FC294}.AppStore|x86.ActiveCfg = Release|Any CPU
		{9F638482-C4C6-499A-8DCD-71B9239FC294}.AppStore|x86.Build.0 = Release|Any CPU
		{9F638482-C4C6-499A-8DCD-71B9239FC294}.Debug|Any CPU.ActiveCfg = Debug|Any CPU
		{9F638482-C4C6-499A-8DCD-71B9239FC294}.Debug|Any CPU.Build.0 = Debug|Any CPU
		{9F638482-C4C6-499A-8DCD-71B9239FC294}.Debug|ARM.ActiveCfg = Debug|Any CPU
		{9F638482-C4C6-499A-8DCD-71B9239FC294}.Debug|ARM.Build.0 = Debug|Any CPU
		{9F638482-C4C6-499A-8DCD-71B9239FC294}.Debug|iPhone.ActiveCfg = Debug|Any CPU
		{9F638482-C4C6-499A-8DCD-71B9239FC294}.Debug|iPhone.Build.0 = Debug|Any CPU
		{9F638482-C4C6-499A-8DCD-71B9239FC294}.Debug|iPhoneSimulator.ActiveCfg = Debug|Any CPU
		{9F638482-C4C6-499A-8DCD-71B9239FC294}.Debug|iPhoneSimulator.Build.0 = Debug|Any CPU
		{9F638482-C4C6-499A-8DCD-71B9239FC294}.Debug|x64.ActiveCfg = Debug|Any CPU
		{9F638482-C4C6-499A-8DCD-71B9239FC294}.Debug|x64.Build.0 = Debug|Any CPU
		{9F638482-C4C6-499A-8DCD-71B9239FC294}.Debug|x86.ActiveCfg = Debug|Any CPU
		{9F638482-C4C6-499A-8DCD-71B9239FC294}.Debug|x86.Build.0 = Debug|Any CPU
		{9F638482-C4C6-499A-8DCD-71B9239FC294}.Release|Any CPU.ActiveCfg = Release|Any CPU
		{9F638482-C4C6-499A-8DCD-71B9239FC294}.Release|Any CPU.Build.0 = Release|Any CPU
		{9F638482-C4C6-499A-8DCD-71B9239FC294}.Release|ARM.ActiveCfg = Release|Any CPU
		{9F638482-C4C6-499A-8DCD-71B9239FC294}.Release|ARM.Build.0 = Release|Any CPU
		{9F638482-C4C6-499A-8DCD-71B9239FC294}.Release|iPhone.ActiveCfg = Release|Any CPU
		{9F638482-C4C6-499A-8DCD-71B9239FC294}.Release|iPhone.Build.0 = Release|Any CPU
		{9F638482-C4C6-499A-8DCD-71B9239FC294}.Release|iPhoneSimulator.ActiveCfg = Release|Any CPU
		{9F638482-C4C6-499A-8DCD-71B9239FC294}.Release|iPhoneSimulator.Build.0 = Release|Any CPU
		{9F638482-C4C6-499A-8DCD-71B9239FC294}.Release|x64.ActiveCfg = Release|Any CPU
		{9F638482-C4C6-499A-8DCD-71B9239FC294}.Release|x64.Build.0 = Release|Any CPU
		{9F638482-C4C6-499A-8DCD-71B9239FC294}.Release|x86.ActiveCfg = Release|Any CPU
		{9F638482-C4C6-499A-8DCD-71B9239FC294}.Release|x86.Build.0 = Release|Any CPU
	EndGlobalSection
	GlobalSection(SolutionProperties) = preSolution
		HideSolutionNode = FALSE
	EndGlobalSection
EndGlobal
